
Microsoft Visual Studio Solution File, Format Version 12.00
# Visual Studio Version 17
VisualStudioVersion = 17.2.32519.379
MinimumVisualStudioVersion = 10.0.40219.1
Project("{9A19103F-16F7-4668-BE54-9A1E7A4F7556}") = "ReactDriver", "ReactDriver\ReactDriver.csproj", "{3770A75D-6456-45F4-863A-D5A311D926F2}"
EndProject
Project("{FAE04EC0-301F-11D3-BF4B-00C04F79EFBC}") = "WebCalculatorTest", "WebCalculatorTest\WebCalculatorTest.csproj", "{CD0538AA-B7C5-4227-829C-5D7F26095F71}"
EndProject
Global
	GlobalSection(SolutionConfigurationPlatforms) = preSolution
		Debug|Any CPU = Debug|Any CPU
		Release|Any CPU = Release|Any CPU
	EndGlobalSection
	GlobalSection(ProjectConfigurationPlatforms) = postSolution
		{3770A75D-6456-45F4-863A-D5A311D926F2}.Debug|Any CPU.ActiveCfg = Debug|Any CPU
		{3770A75D-6456-45F4-863A-D5A311D926F2}.Debug|Any CPU.Build.0 = Debug|Any CPU
		{3770A75D-6456-45F4-863A-D5A311D926F2}.Release|Any CPU.ActiveCfg = Release|Any CPU
		{3770A75D-6456-45F4-863A-D5A311D926F2}.Release|Any CPU.Build.0 = Release|Any CPU
		{CD0538AA-B7C5-4227-829C-5D7F26095F71}.Debug|Any CPU.ActiveCfg = Debug|Any CPU
		{CD0538AA-B7C5-4227-829C-5D7F26095F71}.Debug|Any CPU.Build.0 = Debug|Any CPU
		{CD0538AA-B7C5-4227-829C-5D7F26095F71}.Release|Any CPU.ActiveCfg = Release|Any CPU
		{CD0538AA-B7C5-4227-829C-5D7F26095F71}.Release|Any CPU.Build.0 = Release|Any CPU
	EndGlobalSection
	GlobalSection(SolutionProperties) = preSolution
		HideSolutionNode = FALSE
	EndGlobalSection
	GlobalSection(ExtensibilityGlobals) = postSolution
		SolutionGuid = {0B0BCAD4-73ED-4FBF-A0B8-48B3F80E0764}
	EndGlobalSection
EndGlobal
